Microsoft Visual Studio Solution File, Format Version 12.00
# Visual Studio Version 16
VisualStudioVersion = 16.0.30503.244
MinimumVisualStudioVersion = 10.0.40219.1
Project("{FAE04EC0-301F-11D3-BF4B-00C04F79EFBC}") = "ItemExportUploadBrowser", "ItemUploadBrowser\ItemExportUploadBrowser.csproj", "{4646D304-ABA7-4969-8440-F88D5395C69B}"
EndProject
Project("{FAE04EC0-301F-11D3-BF4B-00C04F79EFBC}") = "ItemExportUploadBrowserObj", "ItemUploadBrowserObj\ItemExportUploadBrowserObj.csproj", "{4944B5E5-46C5-40A6-B638-01E2456A1701}"
EndProject
Project("{00D1A9C2-B5F0-4AF3-8072-F6C62B433612}") = "ItemExportUploadStoredProcedures", "ItemUploadStoredProcedures\ItemExportUploadStoredProcedures.sqlproj", "{8BB893CB-B470-47F3-86D6-01D3EE9A7FEB}"
EndProject
Project("{FAE04EC0-301F-11D3-BF4B-00C04F79EFBC}") = "NACCMExportUploadSharedObj", "NACCMExportUploadSharedObj\NACCMExportUploadSharedObj.csproj", "{8C0610E8-7FA6-4DFB-9425-3F0D43CAE4DA}"
EndProject
Global
	GlobalSection(SolutionConfigurationPlatforms) = preSolution
		Debug|Any CPU = Debug|Any CPU
		DEVAPP3WithDEVDB|Any CPU = DEVAPP3WithDEVDB|Any CPU
		DEVAPP3WithTESTDBA|Any CPU = DEVAPP3WithTESTDBA|Any CPU
		I2DEVELOPMENT|Any CPU = I2DEVELOPMENT|Any CPU
		PRDAPP1WithDEVDB|Any CPU = PRDAPP1WithDEVDB|Any CPU
		PRDAPP1WITHPRDDB1|Any CPU = PRDAPP1WITHPRDDB1|Any CPU
		PRDAPP1WithTESTDBA|Any CPU = PRDAPP1WithTESTDBA|Any CPU
		PRDAPP3WithPRDDB3|Any CPU = PRDAPP3WithPRDDB3|Any CPU
		PRDAPP3WithTESTDB3|Any CPU = PRDAPP3WithTESTDB3|Any CPU
		PRDAPP3WithTESTDBA|Any CPU = PRDAPP3WithTESTDBA|Any CPU
		Release|Any CPU = Release|Any CPU
		TEST|Any CPU = TEST|Any CPU
		TESTAPP3WithTESTDB3|Any CPU = TESTAPP3WithTESTDB3|Any CPU
		TESTAPPWithDEVDB|Any CPU = TESTAPPWithDEVDB|Any CPU
		TRAINING|Any CPU = TRAINING|Any CPU
	EndGlobalSection
	GlobalSection(ProjectConfigurationPlatforms) = postSolution
		{4646D304-ABA7-4969-8440-F88D5395C69B}.Debug|Any CPU.ActiveCfg = Debug|Any CPU
		{4646D304-ABA7-4969-8440-F88D5395C69B}.Debug|Any CPU.Build.0 = Debug|Any CPU
		{4646D304-ABA7-4969-8440-F88D5395C69B}.DEVAPP3WithDEVDB|Any CPU.ActiveCfg = DEVAPP3WithDEVDB|Any CPU
		{4646D304-ABA7-4969-8440-F88D5395C69B}.DEVAPP3WithDEVDB|Any CPU.Build.0 = DEVAPP3WithDEVDB|Any CPU
		{4646D304-ABA7-4969-8440-F88D5395C69B}.DEVAPP3WithTESTDBA|Any CPU.ActiveCfg = DEVAPP3WithTESTDBA|Any CPU
		{4646D304-ABA7-4969-8440-F88D5395C69B}.DEVAPP3WithTESTDBA|Any CPU.Build.0 = DEVAPP3WithTESTDBA|Any CPU
		{4646D304-ABA7-4969-8440-F88D5395C69B}.I2DEVELOPMENT|Any CPU.ActiveCfg = Debug|Any CPU
		{4646D304-ABA7-4969-8440-F88D5395C69B}.I2DEVELOPMENT|Any CPU.Build.0 = Debug|Any CPU
		{4646D304-ABA7-4969-8440-F88D5395C69B}.PRDAPP1WithDEVDB|Any CPU.ActiveCfg = PRDAPP1WithDEVDB|Any CPU
		{4646D304-ABA7-4969-8440-F88D5395C69B}.PRDAPP1WithDEVDB|Any CPU.Build.0 = PRDAPP1WithDEVDB|Any CPU
		{4646D304-ABA7-4969-8440-F88D5395C69B}.PRDAPP1WITHPRDDB1|Any CPU.ActiveCfg = PRDAPP1WITHPRDDB1|Any CPU
		{4646D304-ABA7-4969-8440-F88D5395C69B}.PRDAPP1WITHPRDDB1|Any CPU.Build.0 = PRDAPP1WITHPRDDB1|Any CPU
		{4646D304-ABA7-4969-8440-F88D5395C69B}.PRDAPP1WithTESTDBA|Any CPU.ActiveCfg = PRDAPP1WithTESTDBA|Any CPU
		{4646D304-ABA7-4969-8440-F88D5395C69B}.PRDAPP1WithTESTDBA|Any CPU.Build.0 = PRDAPP1WithTESTDBA|Any CPU
		{4646D304-ABA7-4969-8440-F88D5395C69B}.PRDAPP3WithPRDDB3|Any CPU.ActiveCfg = PRDAPP3WithPRDDB3|Any CPU
		{4646D304-ABA7-4969-8440-F88D5395C69B}.PRDAPP3WithPRDDB3|Any CPU.Build.0 = PRDAPP3WithPRDDB3|Any CPU
		{4646D304-ABA7-4969-8440-F88D5395C69B}.PRDAPP3WithTESTDB3|Any CPU.ActiveCfg = PRDAPP3WithTESTDB3|Any CPU
		{4646D304-ABA7-4969-8440-F88D5395C69B}.PRDAPP3WithTESTDB3|Any CPU.Build.0 = PRDAPP3WithTESTDB3|Any CPU
		{4646D304-ABA7-4969-8440-F88D5395C69B}.PRDAPP3WithTESTDBA|Any CPU.ActiveCfg = PRDAPP1WithTESTDBA|Any CPU
		{4646D304-ABA7-4969-8440-F88D5395C69B}.PRDAPP3WithTESTDBA|Any CPU.Build.0 = PRDAPP1WithTESTDBA|Any CPU
		{4646D304-ABA7-4969-8440-F88D5395C69B}.Release|Any CPU.ActiveCfg = Release|Any CPU
		{4646D304-ABA7-4969-8440-F88D5395C69B}.Release|Any CPU.Build.0 = Release|Any CPU
		{4646D304-ABA7-4969-8440-F88D5395C69B}.TEST|Any CPU.ActiveCfg = TEST|Any CPU
		{4646D304-ABA7-4969-8440-F88D5395C69B}.TEST|Any CPU.Build.0 = TEST|Any CPU
		{4646D304-ABA7-4969-8440-F88D5395C69B}.TESTAPP3WithTESTDB3|Any CPU.ActiveCfg = TESTAPP3WithTESTDB3|Any CPU
		{4646D304-ABA7-4969-8440-F88D5395C69B}.TESTAPP3WithTESTDB3|Any CPU.Build.0 = TESTAPP3WithTESTDB3|Any CPU
		{4646D304-ABA7-4969-8440-F88D5395C69B}.TESTAPPWithDEVDB|Any CPU.ActiveCfg = TESTAPPWithDEVDB|Any CPU
		{4646D304-ABA7-4969-8440-F88D5395C69B}.TESTAPPWithDEVDB|Any CPU.Build.0 = TESTAPPWithDEVDB|Any CPU
		{4646D304-ABA7-4969-8440-F88D5395C69B}.TRAINING|Any CPU.ActiveCfg = TRAINING|Any CPU
		{4646D304-ABA7-4969-8440-F88D5395C69B}.TRAINING|Any CPU.Build.0 = TRAINING|Any CPU
		{4944B5E5-46C5-40A6-B638-01E2456A1701}.Debug|Any CPU.ActiveCfg = Debug|Any CPU
		{4944B5E5-46C5-40A6-B638-01E2456A1701}.Debug|Any CPU.Build.0 = Debug|Any CPU
		{4944B5E5-46C5-40A6-B638-01E2456A1701}.DEVAPP3WithDEVDB|Any CPU.ActiveCfg = DEVAPP3WithDEVDB|Any CPU
		{4944B5E5-46C5-40A6-B638-01E2456A1701}.DEVAPP3WithDEVDB|Any CPU.Build.0 = DEVAPP3WithDEVDB|Any CPU
		{4944B5E5-46C5-40A6-B638-01E2456A1701}.DEVAPP3WithTESTDBA|Any CPU.ActiveCfg = DEVAPP3WithTESTDBA|Any CPU
		{4944B5E5-46C5-40A6-B638-01E2456A1701}.DEVAPP3WithTESTDBA|Any CPU.Build.0 = DEVAPP3WithTESTDBA|Any CPU
		{4944B5E5-46C5-40A6-B638-01E2456A1701}.I2DEVELOPMENT|Any CPU.ActiveCfg = I2DEVELOPMENT|Any CPU
		{4944B5E5-46C5-40A6-B638-01E2456A1701}.I2DEVELOPMENT|Any CPU.Build.0 = I2DEVELOPMENT|Any CPU
		{4944B5E5-46C5-40A6-B638-01E2456A1701}.PRDAPP1WithDEVDB|Any CPU.ActiveCfg = PRDAPP1WithDEVDB|Any CPU
		{4944B5E5-46C5-40A6-B638-01E2456A1701}.PRDAPP1WithDEVDB|Any CPU.Build.0 = PRDAPP1WithDEVDB|Any CPU
		{4944B5E5-46C5-40A6-B638-01E2456A1701}.PRDAPP1WITHPRDDB1|Any CPU.ActiveCfg = PRDAPP1WITHPRDDB1|Any CPU
		{4944B5E5-46C5-40A6-B638-01E2456A1701}.PRDAPP1WITHPRDDB1|Any CPU.Build.0 = PRDAPP1WITHPRDDB1|Any CPU
		{4944B5E5-46C5-40A6-B638-01E2456A1701}.PRDAPP1WithTESTDBA|Any CPU.ActiveCfg = PRDAPP1WithTESTDBA|Any CPU
		{4944B5E5-46C5-40A6-B638-01E2456A1701}.PRDAPP1WithTESTDBA|Any CPU.Build.0 = PRDAPP1WithTESTDBA|Any CPU
		{4944B5E5-46C5-40A6-B638-01E2456A1701}.PRDAPP3WithPRDDB3|Any CPU.ActiveCfg = PRDAPP3WithPRDDB3|Any CPU
		{4944B5E5-46C5-40A6-B638-01E2456A1701}.PRDAPP3WithPRDDB3|Any CPU.Build.0 = PRDAPP3WithPRDDB3|Any CPU
		{4944B5E5-46C5-40A6-B638-01E2456A1701}.PRDAPP3WithTESTDB3|Any CPU.ActiveCfg = PRDAPP3WithTESTDB3|Any CPU
		{4944B5E5-46C5-40A6-B638-01E2456A1701}.PRDAPP3WithTESTDB3|Any CPU.Build.0 = PRDAPP3WithTESTDB3|Any CPU
		{4944B5E5-46C5-40A6-B638-01E2456A1701}.PRDAPP3WithTESTDBA|Any CPU.ActiveCfg = PRDAPP3WithTESTDBA|Any CPU
		{4944B5E5-46C5-40A6-B638-01E2456A1701}.PRDAPP3WithTESTDBA|Any CPU.Build.0 = PRDAPP3WithTESTDBA|Any CPU
		{4944B5E5-46C5-40A6-B638-01E2456A1701}.Release|Any CPU.ActiveCfg = Release|Any CPU
		{4944B5E5-46C5-40A6-B638-01E2456A1701}.Release|Any CPU.Build.0 = Release|Any CPU
		{4944B5E5-46C5-40A6-B638-01E2456A1701}.TEST|Any CPU.ActiveCfg = TEST|Any CPU
		{4944B5E5-46C5-40A6-B638-01E2456A1701}.TEST|Any CPU.Build.0 = TEST|Any CPU
		{4944B5E5-46C5-40A6-B638-01E2456A1701}.TESTAPP3WithTESTDB3|Any CPU.ActiveCfg = TESTAPP3WithTESTDB3|Any CPU
		{4944B5E5-46C5-40A6-B638-01E2456A1701}.TESTAPP3WithTESTDB3|Any CPU.Build.0 = TESTAPP3WithTESTDB3|Any CPU
		{4944B5E5-46C5-40A6-B638-01E2456A1701}.TESTAPPWithDEVDB|Any CPU.ActiveCfg = TESTAPPWithDEVDB|Any CPU
		{4944B5E5-46C5-40A6-B638-01E2456A1701}.TESTAPPWithDEVDB|Any CPU.Build.0 = TESTAPPWithDEVDB|Any CPU
		{4944B5E5-46C5-40A6-B638-01E2456A1701}.TRAINING|Any CPU.ActiveCfg = TRAINING|Any CPU
		{4944B5E5-46C5-40A6-B638-01E2456A1701}.TRAINING|Any CPU.Build.0 = TRAINING|Any CPU
		{8BB893CB-B470-47F3-86D6-01D3EE9A7FEB}.Debug|Any CPU.ActiveCfg = Debug|Any CPU
		{8BB893CB-B470-47F3-86D6-01D3EE9A7FEB}.Debug|Any CPU.Build.0 = Debug|Any CPU
		{8BB893CB-B470-47F3-86D6-01D3EE9A7FEB}.Debug|Any CPU.Deploy.0 = Debug|Any CPU
		{8BB893CB-B470-47F3-86D6-01D3EE9A7FEB}.DEVAPP3WithDEVDB|Any CPU.ActiveCfg = DEVAPP3WithDEVDB|Any CPU
		{8BB893CB-B470-47F3-86D6-01D3EE9A7FEB}.DEVAPP3WithDEVDB|Any CPU.Deploy.0 = DEVAPP3WithDEVDB|Any CPU
		{8BB893CB-B470-47F3-86D6-01D3EE9A7FEB}.DEVAPP3WithTESTDBA|Any CPU.ActiveCfg = DEVAPP3WithTESTDBA|Any CPU
		{8BB893CB-B470-47F3-86D6-01D3EE9A7FEB}.DEVAPP3WithTESTDBA|Any CPU.Build.0 = DEVAPP3WithTESTDBA|Any CPU
		{8BB893CB-B470-47F3-86D6-01D3EE9A7FEB}.DEVAPP3WithTESTDBA|Any CPU.Deploy.0 = DEVAPP3WithTESTDBA|Any CPU
		{8BB893CB-B470-47F3-86D6-01D3EE9A7FEB}.I2DEVELOPMENT|Any CPU.ActiveCfg = I2DEVELOPMENT|Any CPU
		{8BB893CB-B470-47F3-86D6-01D3EE9A7FEB}.I2DEVELOPMENT|Any CPU.Deploy.0 = I2DEVELOPMENT|Any CPU
		{8BB893CB-B470-47F3-86D6-01D3EE9A7FEB}.PRDAPP1WithDEVDB|Any CPU.ActiveCfg = PRDAPP1WithDEVDB|Any CPU
		{8BB893CB-B470-47F3-86D6-01D3EE9A7FEB}.PRDAPP1WithDEVDB|Any CPU.Build.0 = PRDAPP1WithDEVDB|Any CPU
		{8BB893CB-B470-47F3-86D6-01D3EE9A7FEB}.PRDAPP1WithDEVDB|Any CPU.Deploy.0 = PRDAPP1WithDEVDB|Any CPU
		{8BB893CB-B470-47F3-86D6-01D3EE9A7FEB}.PRDAPP1WITHPRDDB1|Any CPU.ActiveCfg = PRDAPP1WITHPRDDB1|Any CPU
		{8BB893CB-B470-47F3-86D6-01D3EE9A7FEB}.PRDAPP1WITHPRDDB1|Any CPU.Build.0 = PRDAPP1WITHPRDDB1|Any CPU
		{8BB893CB-B470-47F3-86D6-01D3EE9A7FEB}.PRDAPP1WITHPRDDB1|Any CPU.Deploy.0 = PRDAPP1WITHPRDDB1|Any CPU
		{8BB893CB-B470-47F3-86D6-01D3EE9A7FEB}.PRDAPP1WithTESTDBA|Any CPU.ActiveCfg = PRDAPP1WithTESTDBA|Any CPU
		{8BB893CB-B470-47F3-86D6-01D3EE9A7FEB}.PRDAPP1WithTESTDBA|Any CPU.Build.0 = PRDAPP1WithTESTDBA|Any CPU
		{8BB893CB-B470-47F3-86D6-01D3EE9A7FEB}.PRDAPP1WithTESTDBA|Any CPU.Deploy.0 = PRDAPP1WithTESTDBA|Any CPU
		{8BB893CB-B470-47F3-86D6-01D3EE9A7FEB}.PRDAPP3WithPRDDB3|Any CPU.ActiveCfg = PRDAPP3WithPRDDB3|Any CPU
		{8BB893CB-B470-47F3-86D6-01D3EE9A7FEB}.PRDAPP3WithTESTDB3|Any CPU.ActiveCfg = PRDAPP3WithTESTDB3|Any CPU
		{8BB893CB-B470-47F3-86D6-01D3EE9A7FEB}.PRDAPP3WithTESTDBA|Any CPU.ActiveCfg = PRDAPP3WithTESTDBA|Any CPU
		{8BB893CB-B470-47F3-86D6-01D3EE9A7FEB}.Release|Any CPU.ActiveCfg = Release|Any CPU
		{8BB893CB-B470-47F3-86D6-01D3EE9A7FEB}.Release|Any CPU.Build.0 = Release|Any CPU
		{8BB893CB-B470-47F3-86D6-01D3EE9A7FEB}.Release|Any CPU.Deploy.0 = Release|Any CPU
		{8BB893CB-B470-47F3-86D6-01D3EE9A7FEB}.TEST|Any CPU.ActiveCfg = TEST|Any CPU
		{8BB893CB-B470-47F3-86D6-01D3EE9A7FEB}.TEST|Any CPU.Deploy.0 = TEST|Any CPU
		{8BB893CB-B470-47F3-86D6-01D3EE9A7FEB}.TESTAPP3WithTESTDB3|Any CPU.ActiveCfg = TESTAPP3WithTESTDB3|Any CPU
		{8BB893CB-B470-47F3-86D6-01D3EE9A7FEB}.TESTAPP3WithTESTDB3|Any CPU.Deploy.0 = TESTAPP3WithTESTDB3|Any CPU
		{8BB893CB-B470-47F3-86D6-01D3EE9A7FEB}.TESTAPPWithDEVDB|Any CPU.ActiveCfg = TESTAPPWithDEVDB|Any CPU
		{8BB893CB-B470-47F3-86D6-01D3EE9A7FEB}.TESTAPPWithDEVDB|Any CPU.Build.0 = TESTAPPWithDEVDB|Any CPU
		{8BB893CB-B470-47F3-86D6-01D3EE9A7FEB}.TESTAPPWithDEVDB|Any CPU.Deploy.0 = TESTAPPWithDEVDB|Any CPU
		{8BB893CB-B470-47F3-86D6-01D3EE9A7FEB}.TRAINING|Any CPU.ActiveCfg = TRAINING|Any CPU
		{8BB893CB-B470-47F3-86D6-01D3EE9A7FEB}.TRAINING|Any CPU.Deploy.0 = TRAINING|Any CPU
		{8C0610E8-7FA6-4DFB-9425-3F0D43CAE4DA}.Debug|Any CPU.ActiveCfg = Debug|Any CPU
		{8C0610E8-7FA6-4DFB-9425-3F0D43CAE4DA}.Debug|Any CPU.Build.0 = Debug|Any CPU
		{8C0610E8-7FA6-4DFB-9425-3F0D43CAE4DA}.DEVAPP3WithDEVDB|Any CPU.ActiveCfg = Debug|Any CPU
		{8C0610E8-7FA6-4DFB-9425-3F0D43CAE4DA}.DEVAPP3WithDEVDB|Any CPU.Build.0 = Debug|Any CPU
		{8C0610E8-7FA6-4DFB-9425-3F0D43CAE4DA}.DEVAPP3WithTESTDBA|Any CPU.ActiveCfg = Debug|Any CPU
		{8C0610E8-7FA6-4DFB-9425-3F0D43CAE4DA}.DEVAPP3WithTESTDBA|Any CPU.Build.0 = Debug|Any CPU
		{8C0610E8-7FA6-4DFB-9425-3F0D43CAE4DA}.I2DEVELOPMENT|Any CPU.ActiveCfg = Debug|Any CPU
		{8C0610E8-7FA6-4DFB-9425-3F0D43CAE4DA}.I2DEVELOPMENT|Any CPU.Build.0 = Debug|Any CPU
		{8C0610E8-7FA6-4DFB-9425-3F0D43CAE4DA}.PRDAPP1WithDEVDB|Any CPU.ActiveCfg = Debug|Any CPU
		{8C0610E8-7FA6-4DFB-9425-3F0D43CAE4DA}.PRDAPP1WithDEVDB|Any CPU.Build.0 = Debug|Any CPU
		{8C0610E8-7FA6-4DFB-9425-3F0D43CAE4DA}.PRDAPP1WITHPRDDB1|Any CPU.ActiveCfg = Debug|Any CPU
		{8C0610E8-7FA6-4DFB-9425-3F0D43CAE4DA}.PRDAPP1WITHPRDDB1|Any CPU.Build.0 = Debug|Any CPU
		{8C0610E8-7FA6-4DFB-9425-3F0D43CAE4DA}.PRDAPP1WithTESTDBA|Any CPU.ActiveCfg = Debug|Any CPU
		{8C0610E8-7FA6-4DFB-9425-3F0D43CAE4DA}.PRDAPP1WithTESTDBA|Any CPU.Build.0 = Debug|Any CPU
		{8C0610E8-7FA6-4DFB-9425-3F0D43CAE4DA}.PRDAPP3WithPRDDB3|Any CPU.ActiveCfg = Release|Any CPU
		{8C0610E8-7FA6-4DFB-9425-3F0D43CAE4DA}.PRDAPP3WithPRDDB3|Any CPU.Build.0 = Release|Any CPU
		{8C0610E8-7FA6-4DFB-9425-3F0D43CAE4DA}.PRDAPP3WithTESTDB3|Any CPU.ActiveCfg = Debug|Any CPU
		{8C0610E8-7FA6-4DFB-9425-3F0D43CAE4DA}.PRDAPP3WithTESTDB3|Any CPU.Build.0 = Debug|Any CPU
		{8C0610E8-7FA6-4DFB-9425-3F0D43CAE4DA}.PRDAPP3WithTESTDBA|Any CPU.ActiveCfg = Debug|Any CPU
		{8C0610E8-7FA6-4DFB-9425-3F0D43CAE4DA}.PRDAPP3WithTESTDBA|Any CPU.Build.0 = Debug|Any CPU
		{8C0610E8-7FA6-4DFB-9425-3F0D43CAE4DA}.Release|Any CPU.ActiveCfg = Release|Any CPU
		{8C0610E8-7FA6-4DFB-9425-3F0D43CAE4DA}.Release|Any CPU.Build.0 = Release|Any CPU
		{8C0610E8-7FA6-4DFB-9425-3F0D43CAE4DA}.TEST|Any CPU.ActiveCfg = Debug|Any CPU
		{8C0610E8-7FA6-4DFB-9425-3F0D43CAE4DA}.TEST|Any CPU.Build.0 = Debug|Any CPU
		{8C0610E8-7FA6-4DFB-9425-3F0D43CAE4DA}.TESTAPP3WithTESTDB3|Any CPU.ActiveCfg = Debug|Any CPU
		{8C0610E8-7FA6-4DFB-9425-3F0D43CAE4DA}.TESTAPP3WithTESTDB3|Any CPU.Build.0 = Debug|Any CPU
		{8C0610E8-7FA6-4DFB-9425-3F0D43CAE4DA}.TESTAPPWithDEVDB|Any CPU.ActiveCfg = Debug|Any CPU
		{8C0610E8-7FA6-4DFB-9425-3F0D43CAE4DA}.TESTAPPWithDEVDB|Any CPU.Build.0 = Debug|Any CPU
		{8C0610E8-7FA6-4DFB-9425-3F0D43CAE4DA}.TRAINING|Any CPU.ActiveCfg = Debug|Any CPU
		{8C0610E8-7FA6-4DFB-9425-3F0D43CAE4DA}.TRAINING|Any CPU.Build.0 = Debug|Any CPU
	EndGlobalSection
	GlobalSection(SolutionProperties) = preSolution
		HideSolutionNode = FALSE
	EndGlobalSection
	GlobalSection(ExtensibilityGlobals) = postSolution
		SolutionGuid = {6B0FA009-3BE5-4B1B-8471-6396ED4861FA}
	EndGlobalSection
	GlobalSection(TeamFoundationVersionControl) = preSolution
		SccNumberOfProjects = 5
		SccEnterpriseProvider = {4CA58AB2-18FA-4F8D-95D4-32DDF27D184C}
		SccTeamFoundationServer = https://ammhinsqltmsv4.va.gov/vanac
		SccLocalPath0 = .
		SccProjectUniqueName1 = ItemUploadBrowserObj\\ItemExportUploadBrowserObj.csproj
		SccProjectName1 = ItemUploadBrowserObj
		SccLocalPath1 = ItemUploadBrowserObj
		SccProjectUniqueName2 = ItemUploadStoredProcedures\\ItemExportUploadStoredProcedures.sqlproj
		SccProjectName2 = ItemUploadStoredProcedures
		SccLocalPath2 = ItemUploadStoredProcedures
		SccProjectUniqueName3 = ItemUploadBrowser\\ItemExportUploadBrowser.csproj
		SccProjectName3 = ItemUploadBrowser
		SccLocalPath3 = ItemUploadBrowser
		SccProjectUniqueName4 = NACCMExportUploadSharedObj\\NACCMExportUploadSharedObj.csproj
		SccProjectName4 = NACCMExportUploadSharedObj
		SccLocalPath4 = NACCMExportUploadSharedObj
	EndGlobalSection
EndGlobal
